
Microsoft Visual Studio Solution File, Format Version 11.00
# Visual Studio 2010
Project("{FAE04EC0-301F-11D3-BF4B-00C04F79EFBC}") = "Assembly-CSharp", "Assembly-CSharp.csproj", "{865cf545-eb9a-da9e-2753-6e273644ef75}"
EndProject
Project("{FAE04EC0-301F-11D3-BF4B-00C04F79EFBC}") = "ParrelSync", "ParrelSync.csproj", "{6f4351a3-f719-549a-eb4c-ca57f9bd4a7c}"
EndProject
Global
	GlobalSection(SolutionConfigurationPlatforms) = preSolution
		Debug|Any CPU = Debug|Any CPU
		Release|Any CPU = Release|Any CPU
	EndGlobalSection
	GlobalSection(ProjectConfigurationPlatforms) = postSolution
		{865cf545-eb9a-da9e-2753-6e273644ef75}.Debug|Any CPU.ActiveCfg = Debug|Any CPU
		{865cf545-eb9a-da9e-2753-6e273644ef75}.Debug|Any CPU.Build.0 = Debug|Any CPU
		{865cf545-eb9a-da9e-2753-6e273644ef75}.Release|Any CPU.ActiveCfg = Release|Any CPU
		{865cf545-eb9a-da9e-2753-6e273644ef75}.Release|Any CPU.Build.0 = Release|Any CPU
		{6f4351a3-f719-549a-eb4c-ca57f9bd4a7c}.Debug|Any CPU.ActiveCfg = Debug|Any CPU
		{6f4351a3-f719-549a-eb4c-ca57f9bd4a7c}.Debug|Any CPU.Build.0 = Debug|Any CPU
		{6f4351a3-f719-549a-eb4c-ca57f9bd4a7c}.Release|Any CPU.ActiveCfg = Release|Any CPU
		{6f4351a3-f719-549a-eb4c-ca57f9bd4a7c}.Release|Any CPU.Build.0 = Release|Any CPU
	EndGlobalSection
	GlobalSection(SolutionProperties) = preSolution
		HideSolutionNode = FALSE
	EndGlobalSection
EndGlobal
